{
    "_readme": [
        "This file locks the dependencies of your project to a known state",
        "Read more about it at https://getcomposer.org/doc/01-basic-usage.md#installing-dependencies",
        "This file is @generated automatically"
    ],
    "content-hash": "e69d1035358f996174709395e0d610a3",
    "packages": [
        {
            "name": "satur.io/duckdb",
            "version": "dev-main",
            "source": {
                "type": "git",
                "url": "https://github.com/satur-io/duckdb-php.git",
                "reference": "d09caa5a0ea630683b707d739fc5d055bd9427e9"
            },
            "dist": {
                "type": "zip",
                "url": "https://api.github.com/repos/satur-io/duckdb-php/zipball/d09caa5a0ea630683b707d739fc5d055bd9427e9",
                "reference": "d09caa5a0ea630683b707d739fc5d055bd9427e9",
                "shasum": ""
            },
            "require": {
                "ext-ffi": "*",
                "php": ">=8.3"
            },
            "require-dev": {
                "ext-curl": "*",
                "phpbench/phpbench": "^1.4",
                "phpstan/phpstan": "^2.1",
                "phpunit/phpunit": "^11.5"
            },
            "suggest": {
                "ext-bcmath": "Required for numbers > PHP_INT_MAX",
                "ext-zend-opcache": "For a better perfomance using a preload function"
            },
            "default-branch": true,
            "bin": [
                "install-c-lib"
            ],
            "type": "library",
            "autoload": {
                "files": [
                    "aliases.php",
                    "config.php"
                ],
                "psr-4": {
                    "Saturio\\DuckDB\\": "src/"
                }
            },
            "notification-url": "https://packagist.org/downloads/",
            "license": [
                "MIT"
            ],
            "authors": [
                {
                    "name": "Daniel Hernández-Marín",
                    "email": "dani@satur.io"
                }
            ],
            "description": "DuckDB API for PHP",
            "keywords": [
                "database",
                "duckdb",
                "ffi",
                "performance"
            ],
            "support": {
                "issues": "https://github.com/satur-io/duckdb-php/issues",
                "source": "https://github.com/satur-io/duckdb-php/tree/main"
            },
            "funding": [
                {
                    "url": "https://ko-fi.com/saturio",
                    "type": "ko_fi"
                }
            ],
            "time": "2026-04-02T22:51:43+00:00"
        },
        {
            "name": "satur.io/duckdb-auto",
            "version": "dev-main",
            "source": {
                "type": "git",
                "url": "https://github.com/satur-io/duckdb-auto.git",
                "reference": "b070df7c38ea015f552833b7e63794d260909e89"
            },
            "dist": {
                "type": "zip",
                "url": "https://api.github.com/repos/satur-io/duckdb-auto/zipball/b070df7c38ea015f552833b7e63794d260909e89",
                "reference": "b070df7c38ea015f552833b7e63794d260909e89",
                "shasum": ""
            },
            "require": {
                "composer-plugin-api": "^2.0",
                "satur.io/duckdb": "self.version"
            },
            "require-dev": {
                "composer/composer": "^2.8"
            },
            "default-branch": true,
            "type": "composer-plugin",
            "extra": {
                "class": "Saturio\\DuckDBInstaller\\Installer"
            },
            "autoload": {
                "psr-4": {
                    "Saturio\\DuckDBInstaller\\": "src/"
                }
            },
            "notification-url": "https://packagist.org/downloads/",
            "license": [
                "MIT"
            ],
            "description": "Install DuckDB PHP package and the C library required for the current OS.",
            "support": {
                "issues": "https://github.com/satur-io/duckdb-auto/issues",
                "source": "https://github.com/satur-io/duckdb-auto/tree/main"
            },
            "time": "2025-12-22T12:59:54+00:00"
        }
    ],
    "packages-dev": [],
    "aliases": [],
    "minimum-stability": "dev",
    "stability-flags": {
        "satur.io/duckdb-auto": 20
    },
    "prefer-stable": false,
    "prefer-lowest": false,
    "platform": {
        "php": ">=8.5"
    },
    "platform-dev": {},
    "plugin-api-version": "2.6.0"
}
